
Microsoft Visual Studio Solution File, Format Version 12.00
# Visual Studio Version 17
VisualStudioVersion = 17.14.36603.0 d17.14
MinimumVisualStudioVersion = 10.0.40219.1
Project("{FAE04EC0-301F-11D3-BF4B-00C04F79EFBC}") = "web_FE", "web_FE.csproj", "{DB77B2A1-214A-4170-973C-60FCF3942C97}"
EndProject
Global
	GlobalSection(SolutionConfigurationPlatforms) = preSolution
		Debug|Any CPU = Debug|Any CPU
		Release|Any CPU = Release|Any CPU
	EndGlobalSection
	GlobalSection(ProjectConfigurationPlatforms) = postSolution
		{DB77B2A1-214A-4170-973C-60FCF3942C97}.Debug|Any CPU.ActiveCfg = Debug|Any CPU
		{DB77B2A1-214A-4170-973C-60FCF3942C97}.Debug|Any CPU.Build.0 = Debug|Any CPU
		{DB77B2A1-214A-4170-973C-60FCF3942C97}.Release|Any CPU.ActiveCfg = Release|Any CPU
		{DB77B2A1-214A-4170-973C-60FCF3942C97}.Release|Any CPU.Build.0 = Release|Any CPU
	EndGlobalSection
	GlobalSection(SolutionProperties) = preSolution
		HideSolutionNode = FALSE
	EndGlobalSection
	GlobalSection(ExtensibilityGlobals) = postSolution
		SolutionGuid = {87DE2139-9C0A-4CD7-A06D-4573DE5AC392}
	EndGlobalSection
EndGlobal
